
Microsoft Visual Studio Solution File, Format Version 12.00
# Visual Studio Version 17
VisualStudioVersion = 17.2.32519.379
MinimumVisualStudioVersion = 10.0.40219.1
Project("{FAE04EC0-301F-11D3-BF4B-00C04F79EFBC}") = "PC_code", "PC_code.csproj", "{E54AFEBF-D5E4-4F2E-A39D-103547190F41}"
EndProject
Global
	GlobalSection(SolutionConfigurationPlatforms) = preSolution
		Debug|Any CPU = Debug|Any CPU
		Release|Any CPU = Release|Any CPU
	EndGlobalSection
	GlobalSection(ProjectConfigurationPlatforms) = postSolution
		{E54AFEBF-D5E4-4F2E-A39D-103547190F41}.Debug|Any CPU.ActiveCfg = Debug|Any CPU
		{E54AFEBF-D5E4-4F2E-A39D-103547190F41}.Debug|Any CPU.Build.0 = Debug|Any CPU
		{E54AFEBF-D5E4-4F2E-A39D-103547190F41}.Release|Any CPU.ActiveCfg = Release|Any CPU
		{E54AFEBF-D5E4-4F2E-A39D-103547190F41}.Release|Any CPU.Build.0 = Release|Any CPU
	EndGlobalSection
	GlobalSection(SolutionProperties) = preSolution
		HideSolutionNode = FALSE
	EndGlobalSection
	GlobalSection(ExtensibilityGlobals) = postSolution
		SolutionGuid = {D905CCE8-D621-40C1-A884-5571288632E9}
	EndGlobalSection
EndGlobal
